{
  "originHash" : "58ed3776611a88f972634d613781d41eff27c695d88af50c4d4756540f01aaec",
  "pins" : [
    {
      "identity" : "generative-ai-swift",
      "kind" : "remoteSourceControl",
      "location" : "https://github.com/google-gemini/generative-ai-swift.git",
      "state" : {
        "revision" : "54784005b57c2235a7669e0c12e8dafa68f0ca5f",
        "version" : "0.5.4"
      }
    },
    {
      "identity" : "networkimage",
      "kind" : "remoteSourceControl",
      "location" : "https://github.com/gonzalezreal/NetworkImage",
      "state" : {
        "revision" : "7aff8d1b31148d32c5933d75557d42f6323ee3d1"
      }
    },
    {
      "identity" : "swift-markdown-ui",
      "kind" : "remoteSourceControl",
      "location" : "https://github.com/gonzalezreal/swift-markdown-ui",
      "state" : {
        "revision" : "5df8a4adedd6ae4eb2455ef60ff75183984daeb8"
      }
    }
  ],
  "version" : 3
}
